
Microsoft Visual Studio Solution File, Format Version 12.00
# Visual Studio Version 17
VisualStudioVersion = 17.2.32630.192
MinimumVisualStudioVersion = 10.0.40219.1
Project("{FAE04EC0-301F-11D3-BF4B-00C04F79EFBC}") = "EmployeePayrollRestSharp", "EmployeePayrollRestSharp\EmployeePayrollRestSharp.csproj", "{4C849370-D395-45EF-BC91-07D107FE9EBE}"
EndProject
Project("{FAE04EC0-301F-11D3-BF4B-00C04F79EFBC}") = "EmployeePayrollTest", "EmployeePayrollTest\EmployeePayrollTest.csproj", "{8AB51EB3-5C73-4CA1-9344-7DA6D0182EBE}"
EndProject
Global
	GlobalSection(SolutionConfigurationPlatforms) = preSolution
		Debug|Any CPU = Debug|Any CPU
		Release|Any CPU = Release|Any CPU
	EndGlobalSection
	GlobalSection(ProjectConfigurationPlatforms) = postSolution
		{4C849370-D395-45EF-BC91-07D107FE9EBE}.Debug|Any CPU.ActiveCfg = Debug|Any CPU
		{4C849370-D395-45EF-BC91-07D107FE9EBE}.Debug|Any CPU.Build.0 = Debug|Any CPU
		{4C849370-D395-45EF-BC91-07D107FE9EBE}.Release|Any CPU.ActiveCfg = Release|Any CPU
		{4C849370-D395-45EF-BC91-07D107FE9EBE}.Release|Any CPU.Build.0 = Release|Any CPU
		{8AB51EB3-5C73-4CA1-9344-7DA6D0182EBE}.Debug|Any CPU.ActiveCfg = Debug|Any CPU
		{8AB51EB3-5C73-4CA1-9344-7DA6D0182EBE}.Debug|Any CPU.Build.0 = Debug|Any CPU
		{8AB51EB3-5C73-4CA1-9344-7DA6D0182EBE}.Release|Any CPU.ActiveCfg = Release|Any CPU
		{8AB51EB3-5C73-4CA1-9344-7DA6D0182EBE}.Release|Any CPU.Build.0 = Release|Any CPU
	EndGlobalSection
	GlobalSection(SolutionProperties) = preSolution
		HideSolutionNode = FALSE
	EndGlobalSection
	GlobalSection(ExtensibilityGlobals) = postSolution
		SolutionGuid = {A28B5DAC-666E-4EB4-AABD-46B9040199EF}
	EndGlobalSection
EndGlobal
